
Microsoft Visual Studio Solution File, Format Version 12.00
# Visual Studio 14
VisualStudioVersion = 14.0.25420.1
MinimumVisualStudioVersion = 10.0.40219.1
Project("{FAE04EC0-301F-11D3-BF4B-00C04F79EFBC}") = "Client", "Client\Client.csproj", "{8C221D8D-92F8-40E2-937F-47BCFC9C97D6}"
EndProject
Project("{FAE04EC0-301F-11D3-BF4B-00C04F79EFBC}") = "DAL", "DAL\DAL.csproj", "{B9742196-0EE2-4955-99D2-BACAAE2FA90E}"
EndProject
Project("{FAE04EC0-301F-11D3-BF4B-00C04F79EFBC}") = "ToolBox", "ToolBox\ToolBox.csproj", "{FFCCB0F4-5CB8-4D96-8D4C-BA3D5C22E119}"
EndProject
Project("{FAE04EC0-301F-11D3-BF4B-00C04F79EFBC}") = "_WebApp", "_WebApp\_WebApp.csproj", "{EB731309-E6FE-4AA1-84E1-2ED068DD3EFE}"
EndProject
Global
	GlobalSection(SolutionConfigurationPlatforms) = preSolution
		Debug|Any CPU = Debug|Any CPU
		Release|Any CPU = Release|Any CPU
	EndGlobalSection
	GlobalSection(ProjectConfigurationPlatforms) = postSolution
		{8C221D8D-92F8-40E2-937F-47BCFC9C97D6}.Debug|Any CPU.ActiveCfg = Debug|Any CPU
		{8C221D8D-92F8-40E2-937F-47BCFC9C97D6}.Debug|Any CPU.Build.0 = Debug|Any CPU
		{8C221D8D-92F8-40E2-937F-47BCFC9C97D6}.Release|Any CPU.ActiveCfg = Release|Any CPU
		{8C221D8D-92F8-40E2-937F-47BCFC9C97D6}.Release|Any CPU.Build.0 = Release|Any CPU
		{B9742196-0EE2-4955-99D2-BACAAE2FA90E}.Debug|Any CPU.ActiveCfg = Debug|Any CPU
		{B9742196-0EE2-4955-99D2-BACAAE2FA90E}.Debug|Any CPU.Build.0 = Debug|Any CPU
		{B9742196-0EE2-4955-99D2-BACAAE2FA90E}.Release|Any CPU.ActiveCfg = Release|Any CPU
		{B9742196-0EE2-4955-99D2-BACAAE2FA90E}.Release|Any CPU.Build.0 = Release|Any CPU
		{FFCCB0F4-5CB8-4D96-8D4C-BA3D5C22E119}.Debug|Any CPU.ActiveCfg = Debug|Any CPU
		{FFCCB0F4-5CB8-4D96-8D4C-BA3D5C22E119}.Debug|Any CPU.Build.0 = Debug|Any CPU
		{FFCCB0F4-5CB8-4D96-8D4C-BA3D5C22E119}.Release|Any CPU.ActiveCfg = Release|Any CPU
		{FFCCB0F4-5CB8-4D96-8D4C-BA3D5C22E119}.Release|Any CPU.Build.0 = Release|Any CPU
		{EB731309-E6FE-4AA1-84E1-2ED068DD3EFE}.Debug|Any CPU.ActiveCfg = Debug|Any CPU
		{EB731309-E6FE-4AA1-84E1-2ED068DD3EFE}.Debug|Any CPU.Build.0 = Debug|Any CPU
		{EB731309-E6FE-4AA1-84E1-2ED068DD3EFE}.Release|Any CPU.ActiveCfg = Release|Any CPU
		{EB731309-E6FE-4AA1-84E1-2ED068DD3EFE}.Release|Any CPU.Build.0 = Release|Any CPU
	EndGlobalSection
	GlobalSection(SolutionProperties) = preSolution
		HideSolutionNode = FALSE
	EndGlobalSection
	GlobalSection(ExtensibilityGlobals) = postSolution
		SolutionGuid = {E3AE385D-B80A-4644-82F1-934F82726E7A}
	EndGlobalSection
EndGlobal
